
Microsoft Visual Studio Solution File, Format Version 12.00
# Visual Studio Version 17
VisualStudioVersion = 17.14.36221.1 d17.14
MinimumVisualStudioVersion = 10.0.40219.1
Project("{FAE04EC0-301F-11D3-BF4B-00C04F79EFBC}") = "coneccionBD.3-2", "coneccionBD.3-2\coneccionBD.3-2.csproj", "{A7CBFC2F-20A1-4B9B-A7D4-772E83E17368}"
EndProject
Global
	GlobalSection(SolutionConfigurationPlatforms) = preSolution
		Debug|Any CPU = Debug|Any CPU
		Release|Any CPU = Release|Any CPU
	EndGlobalSection
	GlobalSection(ProjectConfigurationPlatforms) = postSolution
		{A7CBFC2F-20A1-4B9B-A7D4-772E83E17368}.Debug|Any CPU.ActiveCfg = Debug|Any CPU
		{A7CBFC2F-20A1-4B9B-A7D4-772E83E17368}.Debug|Any CPU.Build.0 = Debug|Any CPU
		{A7CBFC2F-20A1-4B9B-A7D4-772E83E17368}.Release|Any CPU.ActiveCfg = Release|Any CPU
		{A7CBFC2F-20A1-4B9B-A7D4-772E83E17368}.Release|Any CPU.Build.0 = Release|Any CPU
	EndGlobalSection
	GlobalSection(SolutionProperties) = preSolution
		HideSolutionNode = FALSE
	EndGlobalSection
	GlobalSection(ExtensibilityGlobals) = postSolution
		SolutionGuid = {3B73AE3D-0D7F-41EF-A572-2B2ABE296D2F}
	EndGlobalSection
EndGlobal
